Microsoft Visual Studio Solution File, Format Version 12.00
# Visual Studio Version 17
VisualStudioVersion = 17.4.33213.308
MinimumVisualStudioVersion = 10.0.40219.1
Project("{9A19103F-16F7-4668-BE54-9A1E7A4F7556}") = "MedioClinic", "MedioClinic\MedioClinic.csproj", "{31D22990-252C-4784-8285-137516A0E7C5}"
EndProject
Global
	GlobalSection(SolutionConfigurationPlatforms) = preSolution
		Debug|Any CPU = Debug|Any CPU
		Release|Any CPU = Release|Any CPU
	EndGlobalSection
	GlobalSection(ProjectConfigurationPlatforms) = postSolution
		{31D22990-252C-4784-8285-137516A0E7C5}.Debug|Any CPU.ActiveCfg = Debug|Any CPU
		{31D22990-252C-4784-8285-137516A0E7C5}.Debug|Any CPU.Build.0 = Debug|Any CPU
		{31D22990-252C-4784-8285-137516A0E7C5}.Release|Any CPU.ActiveCfg = Release|Any CPU
		{31D22990-252C-4784-8285-137516A0E7C5}.Release|Any CPU.Build.0 = Release|Any CPU
	EndGlobalSection
	GlobalSection(SolutionProperties) = preSolution
		HideSolutionNode = FALSE
	EndGlobalSection
	GlobalSection(ExtensibilityGlobals) = postSolution
		SolutionGuid = {AA12E611-3FA2-4332-922B-2F269B23EC00}
	EndGlobalSection
EndGlobal
